
Microsoft Visual Studio Solution File, Format Version 12.00
# Visual Studio Version 16
VisualStudioVersion = 16.0.30114.105
MinimumVisualStudioVersion = 10.0.40219.1
Project("{FAE04EC0-301F-11D3-BF4B-00C04F79EFBC}") = "DomainTest", "DomainTest\DomainTest.csproj", "{063BD72E-B555-4F34-AA79-B4FFF22533E6}"
EndProject
Project("{FAE04EC0-301F-11D3-BF4B-00C04F79EFBC}") = "Domain", "Domain\Domain.csproj", "{2F83F7FE-B47C-4DC3-82EF-8E42A67D746E}"
EndProject
Project("{FAE04EC0-301F-11D3-BF4B-00C04F79EFBC}") = "DataStore", "DataStore\DataStore.csproj", "{11B4D902-5B47-4978-A114-570E34E5ACBD}"
EndProject
Project("{FAE04EC0-301F-11D3-BF4B-00C04F79EFBC}") = "DataStoreTest", "DataStoreTest\DataStoreTest.csproj", "{78E9C47C-6102-4995-9C72-973D284B0360}"
EndProject
Project("{FAE04EC0-301F-11D3-BF4B-00C04F79EFBC}") = "Client", "Client\Client.csproj", "{4828A3AF-6FF4-44B8-BA1C-79D2A979FFF1}"
EndProject
Global
	GlobalSection(SolutionConfigurationPlatforms) = preSolution
		Debug|Any CPU = Debug|Any CPU
		Release|Any CPU = Release|Any CPU
	EndGlobalSection
	GlobalSection(SolutionProperties) = preSolution
		HideSolutionNode = FALSE
	EndGlobalSection
	GlobalSection(ProjectConfigurationPlatforms) = postSolution
		{063BD72E-B555-4F34-AA79-B4FFF22533E6}.Debug|Any CPU.ActiveCfg = Debug|Any CPU
		{063BD72E-B555-4F34-AA79-B4FFF22533E6}.Debug|Any CPU.Build.0 = Debug|Any CPU
		{063BD72E-B555-4F34-AA79-B4FFF22533E6}.Release|Any CPU.ActiveCfg = Release|Any CPU
		{063BD72E-B555-4F34-AA79-B4FFF22533E6}.Release|Any CPU.Build.0 = Release|Any CPU
		{2F83F7FE-B47C-4DC3-82EF-8E42A67D746E}.Debug|Any CPU.ActiveCfg = Debug|Any CPU
		{2F83F7FE-B47C-4DC3-82EF-8E42A67D746E}.Debug|Any CPU.Build.0 = Debug|Any CPU
		{2F83F7FE-B47C-4DC3-82EF-8E42A67D746E}.Release|Any CPU.ActiveCfg = Release|Any CPU
		{2F83F7FE-B47C-4DC3-82EF-8E42A67D746E}.Release|Any CPU.Build.0 = Release|Any CPU
		{11B4D902-5B47-4978-A114-570E34E5ACBD}.Debug|Any CPU.ActiveCfg = Debug|Any CPU
		{11B4D902-5B47-4978-A114-570E34E5ACBD}.Debug|Any CPU.Build.0 = Debug|Any CPU
		{11B4D902-5B47-4978-A114-570E34E5ACBD}.Release|Any CPU.ActiveCfg = Release|Any CPU
		{11B4D902-5B47-4978-A114-570E34E5ACBD}.Release|Any CPU.Build.0 = Release|Any CPU
		{78E9C47C-6102-4995-9C72-973D284B0360}.Debug|Any CPU.ActiveCfg = Debug|Any CPU
		{78E9C47C-6102-4995-9C72-973D284B0360}.Debug|Any CPU.Build.0 = Debug|Any CPU
		{78E9C47C-6102-4995-9C72-973D284B0360}.Release|Any CPU.ActiveCfg = Release|Any CPU
		{78E9C47C-6102-4995-9C72-973D284B0360}.Release|Any CPU.Build.0 = Release|Any CPU
		{4828A3AF-6FF4-44B8-BA1C-79D2A979FFF1}.Debug|Any CPU.ActiveCfg = Debug|Any CPU
		{4828A3AF-6FF4-44B8-BA1C-79D2A979FFF1}.Debug|Any CPU.Build.0 = Debug|Any CPU
		{4828A3AF-6FF4-44B8-BA1C-79D2A979FFF1}.Release|Any CPU.ActiveCfg = Release|Any CPU
		{4828A3AF-6FF4-44B8-BA1C-79D2A979FFF1}.Release|Any CPU.Build.0 = Release|Any CPU
	EndGlobalSection
EndGlobal
